
Microsoft Visual Studio Solution File, Format Version 12.00
# Visual Studio Version 17
VisualStudioVersion = 17.4.33213.308
MinimumVisualStudioVersion = 10.0.40219.1
Project("{9A19103F-16F7-4668-BE54-9A1E7A4F7556}") = "HappySLMS.Wpf", "HappySLMS.Wpf\HappySLMS.Wpf.csproj", "{D26CEE31-DE54-40DB-9795-2DD425DAA376}"
EndProject
Project("{9A19103F-16F7-4668-BE54-9A1E7A4F7556}") = "WM_Utility", "D:\Coding\提高效率的类库项目\WM.UtilityCode\WM_Utility\WM_Utility.csproj", "{7408337A-9AA5-4644-8AAD-74B43B009604}"
EndProject
Global
	GlobalSection(SolutionConfigurationPlatforms) = preSolution
		Debug|Any CPU = Debug|Any CPU
		Release|Any CPU = Release|Any CPU
	EndGlobalSection
	GlobalSection(ProjectConfigurationPlatforms) = postSolution
		{D26CEE31-DE54-40DB-9795-2DD425DAA376}.Debug|Any CPU.ActiveCfg = Debug|Any CPU
		{D26CEE31-DE54-40DB-9795-2DD425DAA376}.Debug|Any CPU.Build.0 = Debug|Any CPU
		{D26CEE31-DE54-40DB-9795-2DD425DAA376}.Release|Any CPU.ActiveCfg = Release|Any CPU
		{D26CEE31-DE54-40DB-9795-2DD425DAA376}.Release|Any CPU.Build.0 = Release|Any CPU
		{7408337A-9AA5-4644-8AAD-74B43B009604}.Debug|Any CPU.ActiveCfg = Debug|Any CPU
		{7408337A-9AA5-4644-8AAD-74B43B009604}.Debug|Any CPU.Build.0 = Debug|Any CPU
		{7408337A-9AA5-4644-8AAD-74B43B009604}.Release|Any CPU.ActiveCfg = Release|Any CPU
		{7408337A-9AA5-4644-8AAD-74B43B009604}.Release|Any CPU.Build.0 = Release|Any CPU
	EndGlobalSection
	GlobalSection(SolutionProperties) = preSolution
		HideSolutionNode = FALSE
	EndGlobalSection
	GlobalSection(ExtensibilityGlobals) = postSolution
		SolutionGuid = {C8DC0AD6-84DB-418F-8946-685ABC2D718C}
	EndGlobalSection
EndGlobal
